// !$*UTF8*$!
{
	archiveVersion = 1;
	classes = {
	};
	objectVersion = 46;
	objects = {

/* Begin PBXBuildFile section */
		027007F163335D24F077214A88CAF108 /* LaunchAtLoginService.swift in Sources */ = {isa = PBXBuildFile; fileRef = 1ECDDD103330E305CB5A2A4386C4EC7A /* LaunchAtLoginService.swift */; };
		05E5A81744AA576332337DF16F6E6270 /* GameDetector.swift in Sources */ = {isa = PBXBuildFile; fileRef = 9DE4C72D14D0C0C86440D047E2E5F75B /* GameDetector.swift */; };
		06AC880BFC17A51AD61D1854140D87B6 /* AppState.swift in Sources */ = {isa = PBXBuildFile; fileRef = C175D455CB425465106A0225DAD7E4A2 /* AppState.swift */; };
		08C183BAB1B364E010ED8209A0B684D8 /* CaptureResultGateTests.swift in Sources */ = {isa = PBXBuildFile; fileRef = 4E00C10B2F9EDA515EAAB1957C5E0ABA /* CaptureResultGateTests.swift */; };
		08EAF7C908AE35272A49F5A84725C568 /* AppCoordinator.swift in Sources */ = {isa = PBXBuildFile; fileRef = 921BBDD0A8E4A106477E52C2BE2E01AE /* AppCoordinator.swift */; };
		0C2993A427E0ABDEED31562262C9394B /* OverlayStateMappingTests.swift in Sources */ = {isa = PBXBuildFile; fileRef = C14B9D56AC28A98A1F23A08C1A8346FB /* OverlayStateMappingTests.swift */; };
		0DE6105701E3061219523A9E30152B1F /* MotionMetrics.swift in Sources */ = {isa = PBXBuildFile; fileRef = EDA5762B8FCCB4B4BFEFE808D683523F /* MotionMetrics.swift */; };
		13DA43B40FC209BF3B80E0E8698233C5 /* AppDelegate.swift in Sources */ = {isa = PBXBuildFile; fileRef = 4ECDE964C5D9F73FED7683C4AADAC30B /* AppDelegate.swift */; };
		14FECD70F9E3B3E35D8BB0F9269F9DCA /* ProfileStoreTests.swift in Sources */ = {isa = PBXBuildFile; fileRef = 9E756645DE29A386F304C31682AD0D0C /* ProfileStoreTests.swift */; };
		17C872D3657217834F6E272A3F982BB3 /* OptionalInputMonitorTests.swift in Sources */ = {isa = PBXBuildFile; fileRef = 8B7900C472F8A8FEACD403DB659FCF99 /* OptionalInputMonitorTests.swift */; };
		1FE9789E725B9B1BF5EF935FCC4BC977 /* AppLocalizationTests.swift in Sources */ = {isa = PBXBuildFile; fileRef = 43C0E6E736128B44907BB207141E5875 /* AppLocalizationTests.swift */; };
		2A51FAB65379CFE7F878060BAF0639C4 /* MotionScoreEngineTests.swift in Sources */ = {isa = PBXBuildFile; fileRef = 3D01151AE0C632B14D24BCFD17706BAA /* MotionScoreEngineTests.swift */; };
		2DA9A721D30676D785F7952E9027D755 /* CompatibilityReport.swift in Sources */ = {isa = PBXBuildFile; fileRef = 5180CCF6052AADD321E9FF55A8BE9C0A /* CompatibilityReport.swift */; };
		50EC5EC726A1CC4D83FF6E7BE7A72B8D /* WindowInfoProviderTests.swift in Sources */ = {isa = PBXBuildFile; fileRef = 436C3E018CB0706AA0E79B9F4738BAD5 /* WindowInfoProviderTests.swift */; };
		5125F6E16622DEA45D5DB3AED8085195 /* GameControllerMonitor.swift in Sources */ = {isa = PBXBuildFile; fileRef = FE11576B85E94D163F35D0C5F3AD4C7A /* GameControllerMonitor.swift */; };
		52A36BB4E486B64B7F26F78E2A977C2F /* SessionLoggerTests.swift in Sources */ = {isa = PBXBuildFile; fileRef = 65F4D67A0F0A12B00FCFE38056ECB136 /* SessionLoggerTests.swift */; };
		54FF1056FF4A4CB3B65EFC440F310768 /* BlockMotionEstimator.swift in Sources */ = {isa = PBXBuildFile; fileRef = C518366B9DEC5AE395450549D3A25742 /* BlockMotionEstimator.swift */; };
		56E594964C283D874BE0D94343A96157 /* WindowInfoProvider.swift in Sources */ = {isa = PBXBuildFile; fileRef = 97CB3954FEABF7614192597FBD63FDD2 /* WindowInfoProvider.swift */; };
		594845A5A87B09EEFFFCA186704795A7 /* MotionAnalyzer.swift in Sources */ = {isa = PBXBuildFile; fileRef = C4FF0BA419342D3E169DADB12C6A8900 /* MotionAnalyzer.swift */; };
		5A4F90BE4916507C4CD2A8407F912E09 /* Cocoa.framework in Frameworks */ = {isa = PBXBuildFile; fileRef = 1E00C21145D11D108046F990D1A4F5DA /* Cocoa.framework */; };
		5BDFA8A9209B8DB49B517450819B8F84 /* OptionalInputMonitor.swift in Sources */ = {isa = PBXBuildFile; fileRef = FDD18F023242E8F4A0280B7A1454316C /* OptionalInputMonitor.swift */; };
		5E0245F80FBAFE99DFA210392C4AB1FB /* GameSettingRecommendation.swift in Sources */ = {isa = PBXBuildFile; fileRef = 4E81A7A2C098AE4CFF13F4CB56412916 /* GameSettingRecommendation.swift */; };
		658723935D7F1D2354E5329D77DFF950 /* DiagnosticsExporter.swift in Sources */ = {isa = PBXBuildFile; fileRef = FC117F1992886D99EDB0793BBC42E64B /* DiagnosticsExporter.swift */; };
		66EFF86591DA0EB8BED91106D2B72747 /* HotkeyManager.swift in Sources */ = {isa = PBXBuildFile; fileRef = 0BFAC573852EF24FF68FAF9A5B51AC03 /* HotkeyManager.swift */; };
		67780771B31649D2BD57A5392C8CBDFD /* OverlayState.swift in Sources */ = {isa = PBXBuildFile; fileRef = 8284EBC4DE7D9F7FB078F0CEF032BC8E /* OverlayState.swift */; };
		67920C23142BE2F1728F2334BE947988 /* ProfileStore.swift in Sources */ = {isa = PBXBuildFile; fileRef = 244BB1FAD30F079A51BDDD85F383BC8D /* ProfileStore.swift */; };
		6A257C8708CBF0D105C033911322786C /* MenuBarController.swift in Sources */ = {isa = PBXBuildFile; fileRef = B56F1243E70B167D4D1E02A24EF73F70 /* MenuBarController.swift */; };
		6D379511B4D9F3DFA2B300DB1D9B996C /* PermissionState.swift in Sources */ = {isa = PBXBuildFile; fileRef = ABB9453661AF5EB3A3063C50ADAB844B /* PermissionState.swift */; };
		6E93FB8FE630812EDAA4F5A6CCE65DB8 /* OverlayManager.swift in Sources */ = {isa = PBXBuildFile; fileRef = E9724E982FE17C05E2FB2F76B4374D5A /* OverlayManager.swift */; };
		6EC75A8BE7C63DBFCF22BC2794EF4665 /* SessionReport.swift in Sources */ = {isa = PBXBuildFile; fileRef = D3CB306164EBC9014E2A0E7EFC821D02 /* SessionReport.swift */; };
		6FBDAE4D4BC7F8EE66352F62A4FA2C41 /* OverlayRenderer.swift in Sources */ = {isa = PBXBuildFile; fileRef = EFB33B151F7BDAC59C1B5999B9707C09 /* OverlayRenderer.swift */; };
		75D76FB0CA80EBD5149BC8AF34069839 /* Constants.swift in Sources */ = {isa = PBXBuildFile; fileRef = 983877BB0857508FFDED5E1D5C5B395F /* Constants.swift */; };
		792C96439D6F8797BF84C2AA2CA36BCF /* OverlayConfig.swift in Sources */ = {isa = PBXBuildFile; fileRef = C885224ECD67CA5ACB0C70606B30435B /* OverlayConfig.swift */; };
		7DA3DE6A49D776DDC3922EAEBCA43B96 /* StreamOutputHandler.swift in Sources */ = {isa = PBXBuildFile; fileRef = A6991706EC95D32B9112B4D69BE7C44B /* StreamOutputHandler.swift */; };
		822A84A3B7429F276B3EE9DB4F02876A /* PermissionManager.swift in Sources */ = {isa = PBXBuildFile; fileRef = 10ACEB73F2012F4A8286124BD479E9DB /* PermissionManager.swift */; };
		85E16E15485A0A74BA68DAE173CD3093 /* RunningAppInfo.swift in Sources */ = {isa = PBXBuildFile; fileRef = 95F24D724D38C6D228F5D2AAAF19CEE5 /* RunningAppInfo.swift */; };
		885C7B6A5C0AC3B0AA85C94EA2AA2A1C /* SettingsRootView.swift in Sources */ = {isa = PBXBuildFile; fileRef = 012B176932E69761629198993B2D0C31 /* SettingsRootView.swift */; };
		8A4DB3FFAA0ABB04CADC3F757EF53E88 /* OnboardingView.swift in Sources */ = {isa = PBXBuildFile; fileRef = 11B13C6D5A2C4C3A75B34FAC5FA93679 /* OnboardingView.swift */; };
		8B43ADC4ADBE3AB0F348A4BCA3F72179 /* AppLocalization.swift in Sources */ = {isa = PBXBuildFile; fileRef = 16B3733B18425FF6EC706E4AF82AEDEB /* AppLocalization.swift */; };
		8C4010D72A4C28E6F73ACD96BEAEB910 /* CaptureResultGate.swift in Sources */ = {isa = PBXBuildFile; fileRef = AE80ED5467F310173B1E70C4939C6A31 /* CaptureResultGate.swift */; };
		8F4917355DD239085F32B6CEEF402F41 /* OverlayMetalView.swift in Sources */ = {isa = PBXBuildFile; fileRef = 604EC4806D6A696F64C77F7F13DD6B9A /* OverlayMetalView.swift */; };
		9828C430120157FDB7C9DED74D47B7EC /* Cocoa.framework in Frameworks */ = {isa = PBXBuildFile; fileRef = 1E00C21145D11D108046F990D1A4F5DA /* Cocoa.framework */; };
		9D7DD2C176C8DB9D55F4EA266C6F2C5F /* DiagnosticsExporterTests.swift in Sources */ = {isa = PBXBuildFile; fileRef = 2F98E29838AAD8E9D3787ACF00E3D64C /* DiagnosticsExporterTests.swift */; };
		A4AFF61F5F8E85935AAA224088B20A34 /* DebugHUDView.swift in Sources */ = {isa = PBXBuildFile; fileRef = 9AB810D8EAB6D88D4993CB1BA82EB992 /* DebugHUDView.swift */; };
		A4B579C0512E05916D1618C4B79F4EC5 /* LaunchAtLoginServiceTests.swift in Sources */ = {isa = PBXBuildFile; fileRef = 8D6FA5D23E4DF05B8E2383B59967ECD7 /* LaunchAtLoginServiceTests.swift */; };
		ACA2589B39D180CA85C2E9A191FEB15D /* SessionReportView.swift in Sources */ = {isa = PBXBuildFile; fileRef = D3A422F5689288A05C24030CDA41A705 /* SessionReportView.swift */; };
		AF78A85B4CB8B455734A6220866C955A /* AppStateTests.swift in Sources */ = {isa = PBXBuildFile; fileRef = 6A8FAAB94234534CE0C9B355BA9C2E8A /* AppStateTests.swift */; };
		B345E8D2461B99F44BBF2E03FFA33368 /* SeaLegsUITests.swift in Sources */ = {isa = PBXBuildFile; fileRef = 749B7520A12C2306EDB6782C74389F3E /* SeaLegsUITests.swift */; };
		B60A4DFD8983E60006B5410AFF564283 /* InfoPlist.strings in Resources */ = {isa = PBXBuildFile; fileRef = 16CDEC76405C0002FD49A96C5212AE50 /* InfoPlist.strings */; };
		BA93EFEFFA17CCA1AE68FD6715C7AFAD /* ProfileTransfer.swift in Sources */ = {isa = PBXBuildFile; fileRef = 0CFE45F80B2D0D3D7474BC95581882C8 /* ProfileTransfer.swift */; };
		BC792F3CAAF41C08404FC2A7D8146B9B /* CaptureTargetResolver.swift in Sources */ = {isa = PBXBuildFile; fileRef = 9B473EF3ACEE2D764AB6DA4E6CA67800 /* CaptureTargetResolver.swift */; };
		C145F07C532DF8569B01EA022A4DD1E4 /* DefaultProfiles.json in Resources */ = {isa = PBXBuildFile; fileRef = 5B97DCE247F827BEB6137CA07ADAC591 /* DefaultProfiles.json */; };
		C217C588F0FB1DA750E94F867EAAA466 /* OverlayShaders.metal in Sources */ = {isa = PBXBuildFile; fileRef = 7C5D315DB3E898EF87F4686473FD82AE /* OverlayShaders.metal */; };
		C4EF50357C24D30A2019AC1FF77B0AB0 /* GameControllerMonitorTests.swift in Sources */ = {isa = PBXBuildFile; fileRef = C8FAC11AFA8859EA66F2C10CC857A869 /* GameControllerMonitorTests.swift */; };
		C91604F4F53458DDEFCBBE6910FE9C12 /* ScreenCaptureManager.swift in Sources */ = {isa = PBXBuildFile; fileRef = 54DAFC7A359ABC380CDFD5F8A4A50271 /* ScreenCaptureManager.swift */; };
		D23B3A981A99CCDF24498A27E6781E34 /* ProfileEditorView.swift in Sources */ = {isa = PBXBuildFile; fileRef = B10DC6AB9197B47580042EA8B1C8F1D9 /* ProfileEditorView.swift */; };
		D5D660B81ED9A2BAF29BB57983A7875C /* CompatibilityReportTests.swift in Sources */ = {isa = PBXBuildFile; fileRef = 35F7288B71DDBD88A26907B046AEF0D8 /* CompatibilityReportTests.swift */; };
		D820F1D59A5874D07918F8CC298FDC1C /* SeaLegsApp.swift in Sources */ = {isa = PBXBuildFile; fileRef = D19E72F95A91AC0FF99EDB15787300AB /* SeaLegsApp.swift */; };
		D908A6311D9576B04AB73880C7DF1E14 /* FrameReducer.swift in Sources */ = {isa = PBXBuildFile; fileRef = 502DA8D876B06282D37CA6484AE22A7A /* FrameReducer.swift */; };
		DCE5FDF7B56BB4B1CF0A60BCB3C65EDC /* ProfileTransferTests.swift in Sources */ = {isa = PBXBuildFile; fileRef = 0DC288A4A53A6D99DD51544DAD3B52DE /* ProfileTransferTests.swift */; };
		DE526D3101AD31E8AB737584C15CEAEE /* GameProfile.swift in Sources */ = {isa = PBXBuildFile; fileRef = 57465422FC49569E3C6021A5AFB0589C /* GameProfile.swift */; };
		DEA52145DD3AFDEDFDBF690C925530D2 /* DefaultProfiles.swift in Sources */ = {isa = PBXBuildFile; fileRef = D71F23F044D1FAD46B282A118AC7E452 /* DefaultProfiles.swift */; };
		E6161E693E021855CDE716BD2535BCD3 /* VisualCadenceEstimator.swift in Sources */ = {isa = PBXBuildFile; fileRef = 114A163F851F7AF3ACBCA8A219058972 /* VisualCadenceEstimator.swift */; };
		E75334E315C7B61311D3C04567C6710D /* CaptureTargetResolverTests.swift in Sources */ = {isa = PBXBuildFile; fileRef = 0EB9AAABE5E4BE1D24C0FFC626BE7743 /* CaptureTargetResolverTests.swift */; };
		E9DD11530963B1CBF1746C38D00682E0 /* SessionLogger.swift in Sources */ = {isa = PBXBuildFile; fileRef = C27D7811F29FB858A8542220A359D28A /* SessionLogger.swift */; };
		EA7445A4C5557D69480E8E78BA224A87 /* BlockMotionEstimatorTests.swift in Sources */ = {isa = PBXBuildFile; fileRef = E8FF5E2F10C967FD136A7244AC0BE1B8 /* BlockMotionEstimatorTests.swift */; };
		F2E7269D88BBC4A609AC3FC75CE42E7F /* MotionScoreEngine.swift in Sources */ = {isa = PBXBuildFile; fileRef = D65576098E20D1A5431CE85D7CF075F0 /* MotionScoreEngine.swift */; };
		F8634A0A45BB1F1663FD52D95BE46B33 /* Assets.xcassets in Resources */ = {isa = PBXBuildFile; fileRef = 830CC6061466F69277D60E9D2B7CBB45 /* Assets.xcassets */; };
		F98F6FBDB7BF1E31A7C0D536FAB54284 /* Cocoa.framework in Frameworks */ = {isa = PBXBuildFile; fileRef = 1E00C21145D11D108046F990D1A4F5DA /* Cocoa.framework */; };
		FCD34B46EC2BEC09C21AD78D1CFC450E /* RecommendationEngine.swift in Sources */ = {isa = PBXBuildFile; fileRef = 022CA59E6BE5C8C81B33BA61C42707E6 /* RecommendationEngine.swift */; };
		FEE1A95B3F28F08E75D2E7CDFFC3E2ED /* OverlayPanelController.swift in Sources */ = {isa = PBXBuildFile; fileRef = 00A6F3B9CDF98B1729C949E64F3E6A78 /* OverlayPanelController.swift */; };
/* End PBXBuildFile section */

/* Begin PBXContainerItemProxy section */
		8B25C8B4422D0B349D7346D51F1ECB02 /* PBXContainerItemProxy */ = {
			isa = PBXContainerItemProxy;
			containerPortal = 4894EE5F6BB25B836CFB3A845923BDE6 /* Project object */;
			proxyType = 1;
			remoteGlobalIDString = C8ADCC7D9C07DA818CD96C92B0191120;
			remoteInfo = SeaLegs;
		};
		D7474DB92B2DFE9D09441D4669E1E9CE /* PBXContainerItemProxy */ = {
			isa = PBXContainerItemProxy;
			containerPortal = 4894EE5F6BB25B836CFB3A845923BDE6 /* Project object */;
			proxyType = 1;
			remoteGlobalIDString = C8ADCC7D9C07DA818CD96C92B0191120;
			remoteInfo = SeaLegs;
		};
/* End PBXContainerItemProxy section */

/* Begin PBXFileReference section */
		00A6F3B9CDF98B1729C949E64F3E6A78 /* OverlayPanelController.swift */ = {isa = PBXFileReference; includeInIndex = 1; lastKnownFileType = sourcecode.swift; name = OverlayPanelController.swift; path = Overlay/OverlayPanelController.swift; sourceTree = "<group>"; };
		012B176932E69761629198993B2D0C31 /* SettingsRootView.swift */ = {isa = PBXFileReference; includeInIndex = 1; lastKnownFileType = sourcecode.swift; name = SettingsRootView.swift; path = UI/SettingsRootView.swift; sourceTree = "<group>"; };
		022CA59E6BE5C8C81B33BA61C42707E6 /* RecommendationEngine.swift */ = {isa = PBXFileReference; includeInIndex = 1; lastKnownFileType = sourcecode.swift; name = RecommendationEngine.swift; path = Telemetry/RecommendationEngine.swift; sourceTree = "<group>"; };
		0BFAC573852EF24FF68FAF9A5B51AC03 /* HotkeyManager.swift */ = {isa = PBXFileReference; includeInIndex = 1; lastKnownFileType = sourcecode.swift; name = HotkeyManager.swift; path = Input/HotkeyManager.swift; sourceTree = "<group>"; };
		0CFE45F80B2D0D3D7474BC95581882C8 /* ProfileTransfer.swift */ = {isa = PBXFileReference; includeInIndex = 1; lastKnownFileType = sourcecode.swift; name = ProfileTransfer.swift; path = Profiles/ProfileTransfer.swift; sourceTree = "<group>"; };
		0DC288A4A53A6D99DD51544DAD3B52DE /* ProfileTransferTests.swift */ = {isa = PBXFileReference; includeInIndex = 1; lastKnownFileType = sourcecode.swift; path = ProfileTransferTests.swift; sourceTree = "<group>"; };
		0EB9AAABE5E4BE1D24C0FFC626BE7743 /* CaptureTargetResolverTests.swift */ = {isa = PBXFileReference; includeInIndex = 1; lastKnownFileType = sourcecode.swift; path = CaptureTargetResolverTests.swift; sourceTree = "<group>"; };
		10ACEB73F2012F4A8286124BD479E9DB /* PermissionManager.swift */ = {isa = PBXFileReference; includeInIndex = 1; lastKnownFileType = sourcecode.swift; name = PermissionManager.swift; path = Permissions/PermissionManager.swift; sourceTree = "<group>"; };
		114A163F851F7AF3ACBCA8A219058972 /* VisualCadenceEstimator.swift */ = {isa = PBXFileReference; includeInIndex = 1; lastKnownFileType = sourcecode.swift; name = VisualCadenceEstimator.swift; path = Analysis/VisualCadenceEstimator.swift; sourceTree = "<group>"; };
		11B13C6D5A2C4C3A75B34FAC5FA93679 /* OnboardingView.swift */ = {isa = PBXFileReference; includeInIndex = 1; lastKnownFileType = sourcecode.swift; name = OnboardingView.swift; path = UI/OnboardingView.swift; sourceTree = "<group>"; };
		16B3733B18425FF6EC706E4AF82AEDEB /* AppLocalization.swift */ = {isa = PBXFileReference; includeInIndex = 1; lastKnownFileType = sourcecode.swift; name = AppLocalization.swift; path = Localization/AppLocalization.swift; sourceTree = "<group>"; };
		1E00C21145D11D108046F990D1A4F5DA /* Cocoa.framework */ = {isa = PBXFileReference; lastKnownFileType = wrapper.framework; name = Cocoa.framework; path = Platforms/MacOSX.platform/Developer/SDKs/MacOSX15.0.sdk/System/Library/Frameworks/Cocoa.framework; sourceTree = DEVELOPER_DIR; };
		1ECDDD103330E305CB5A2A4386C4EC7A /* LaunchAtLoginService.swift */ = {isa = PBXFileReference; includeInIndex = 1; lastKnownFileType = sourcecode.swift; name = LaunchAtLoginService.swift; path = App/LaunchAtLoginService.swift; sourceTree = "<group>"; };
		244BB1FAD30F079A51BDDD85F383BC8D /* ProfileStore.swift */ = {isa = PBXFileReference; includeInIndex = 1; lastKnownFileType = sourcecode.swift; name = ProfileStore.swift; path = Profiles/ProfileStore.swift; sourceTree = "<group>"; };
		2F98E29838AAD8E9D3787ACF00E3D64C /* DiagnosticsExporterTests.swift */ = {isa = PBXFileReference; includeInIndex = 1; lastKnownFileType = sourcecode.swift; path = DiagnosticsExporterTests.swift; sourceTree = "<group>"; };
		35F7288B71DDBD88A26907B046AEF0D8 /* CompatibilityReportTests.swift */ = {isa = PBXFileReference; includeInIndex = 1; lastKnownFileType = sourcecode.swift; path = CompatibilityReportTests.swift; sourceTree = "<group>"; };
		3D01151AE0C632B14D24BCFD17706BAA /* MotionScoreEngineTests.swift */ = {isa = PBXFileReference; includeInIndex = 1; lastKnownFileType = sourcecode.swift; path = MotionScoreEngineTests.swift; sourceTree = "<group>"; };
		436C3E018CB0706AA0E79B9F4738BAD5 /* WindowInfoProviderTests.swift */ = {isa = PBXFileReference; includeInIndex = 1; lastKnownFileType = sourcecode.swift; path = WindowInfoProviderTests.swift; sourceTree = "<group>"; };
		43C0E6E736128B44907BB207141E5875 /* AppLocalizationTests.swift */ = {isa = PBXFileReference; includeInIndex = 1; lastKnownFileType = sourcecode.swift; path = AppLocalizationTests.swift; sourceTree = "<group>"; };
		453669F8246D4307AC575C748569FCD5 /* SeaLegs.app */ = {isa = PBXFileReference; explicitFileType = wrapper.application; includeInIndex = 0; path = SeaLegs.app; sourceTree = BUILT_PRODUCTS_DIR; };
		4E00C10B2F9EDA515EAAB1957C5E0ABA /* CaptureResultGateTests.swift */ = {isa = PBXFileReference; includeInIndex = 1; lastKnownFileType = sourcecode.swift; path = CaptureResultGateTests.swift; sourceTree = "<group>"; };
		4E81A7A2C098AE4CFF13F4CB56412916 /* GameSettingRecommendation.swift */ = {isa = PBXFileReference; includeInIndex = 1; lastKnownFileType = sourcecode.swift; name = GameSettingRecommendation.swift; path = Profiles/GameSettingRecommendation.swift; sourceTree = "<group>"; };
		4ECDE964C5D9F73FED7683C4AADAC30B /* AppDelegate.swift */ = {isa = PBXFileReference; includeInIndex = 1; lastKnownFileType = sourcecode.swift; path = AppDelegate.swift; sourceTree = "<group>"; };
		502DA8D876B06282D37CA6484AE22A7A /* FrameReducer.swift */ = {isa = PBXFileReference; includeInIndex = 1; lastKnownFileType = sourcecode.swift; name = FrameReducer.swift; path = Capture/FrameReducer.swift; sourceTree = "<group>"; };
		5180CCF6052AADD321E9FF55A8BE9C0A /* CompatibilityReport.swift */ = {isa = PBXFileReference; includeInIndex = 1; lastKnownFileType = sourcecode.swift; name = CompatibilityReport.swift; path = Diagnostics/CompatibilityReport.swift; sourceTree = "<group>"; };
		539B960B55A0229B70B53A08617627A9 /* ko */ = {isa = PBXFileReference; includeInIndex = 1; lastKnownFileType = text.plist.strings; name = ko; path = Resources/ko.lproj/InfoPlist.strings; sourceTree = "<group>"; };
		54DAFC7A359ABC380CDFD5F8A4A50271 /* ScreenCaptureManager.swift */ = {isa = PBXFileReference; includeInIndex = 1; lastKnownFileType = sourcecode.swift; name = ScreenCaptureManager.swift; path = Capture/ScreenCaptureManager.swift; sourceTree = "<group>"; };
		57465422FC49569E3C6021A5AFB0589C /* GameProfile.swift */ = {isa = PBXFileReference; includeInIndex = 1; lastKnownFileType = sourcecode.swift; name = GameProfile.swift; path = Profiles/GameProfile.swift; sourceTree = "<group>"; };
		5B97DCE247F827BEB6137CA07ADAC591 /* DefaultProfiles.json */ = {isa = PBXFileReference; includeInIndex = 1; name = DefaultProfiles.json; path = Resources/DefaultProfiles.json; sourceTree = "<group>"; };
		604EC4806D6A696F64C77F7F13DD6B9A /* OverlayMetalView.swift */ = {isa = PBXFileReference; includeInIndex = 1; lastKnownFileType = sourcecode.swift; name = OverlayMetalView.swift; path = Overlay/OverlayMetalView.swift; sourceTree = "<group>"; };
		62D25788B36C22E4F336F2AF55FDD07C /* Info.plist */ = {isa = PBXFileReference; includeInIndex = 1; lastKnownFileType = text.plist.xml; path = Info.plist; sourceTree = "<group>"; };
		65F4D67A0F0A12B00FCFE38056ECB136 /* SessionLoggerTests.swift */ = {isa = PBXFileReference; includeInIndex = 1; lastKnownFileType = sourcecode.swift; path = SessionLoggerTests.swift; sourceTree = "<group>"; };
		6A8FAAB94234534CE0C9B355BA9C2E8A /* AppStateTests.swift */ = {isa = PBXFileReference; includeInIndex = 1; lastKnownFileType = sourcecode.swift; path = AppStateTests.swift; sourceTree = "<group>"; };
		749B7520A12C2306EDB6782C74389F3E /* SeaLegsUITests.swift */ = {isa = PBXFileReference; includeInIndex = 1; lastKnownFileType = sourcecode.swift; path = SeaLegsUITests.swift; sourceTree = "<group>"; };
		7C5D315DB3E898EF87F4686473FD82AE /* OverlayShaders.metal */ = {isa = PBXFileReference; includeInIndex = 1; name = OverlayShaders.metal; path = Overlay/OverlayShaders.metal; sourceTree = "<group>"; };
		8284EBC4DE7D9F7FB078F0CEF032BC8E /* OverlayState.swift */ = {isa = PBXFileReference; includeInIndex = 1; lastKnownFileType = sourcecode.swift; name = OverlayState.swift; path = Overlay/OverlayState.swift; sourceTree = "<group>"; };
		830CC6061466F69277D60E9D2B7CBB45 /* Assets.xcassets */ = {isa = PBXFileReference; includeInIndex = 1; lastKnownFileType = folder.assetcatalog; path = Assets.xcassets; sourceTree = "<group>"; };
		8B7900C472F8A8FEACD403DB659FCF99 /* OptionalInputMonitorTests.swift */ = {isa = PBXFileReference; includeInIndex = 1; lastKnownFileType = sourcecode.swift; path = OptionalInputMonitorTests.swift; sourceTree = "<group>"; };
		8D6FA5D23E4DF05B8E2383B59967ECD7 /* LaunchAtLoginServiceTests.swift */ = {isa = PBXFileReference; includeInIndex = 1; lastKnownFileType = sourcecode.swift; path = LaunchAtLoginServiceTests.swift; sourceTree = "<group>"; };
		921BBDD0A8E4A106477E52C2BE2E01AE /* AppCoordinator.swift */ = {isa = PBXFileReference; includeInIndex = 1; lastKnownFileType = sourcecode.swift; name = AppCoordinator.swift; path = App/AppCoordinator.swift; sourceTree = "<group>"; };
		95F24D724D38C6D228F5D2AAAF19CEE5 /* RunningAppInfo.swift */ = {isa = PBXFileReference; includeInIndex = 1; lastKnownFileType = sourcecode.swift; name = RunningAppInfo.swift; path = GameDetection/RunningAppInfo.swift; sourceTree = "<group>"; };
		97CB3954FEABF7614192597FBD63FDD2 /* WindowInfoProvider.swift */ = {isa = PBXFileReference; includeInIndex = 1; lastKnownFileType = sourcecode.swift; name = WindowInfoProvider.swift; path = GameDetection/WindowInfoProvider.swift; sourceTree = "<group>"; };
		983877BB0857508FFDED5E1D5C5B395F /* Constants.swift */ = {isa = PBXFileReference; includeInIndex = 1; lastKnownFileType = sourcecode.swift; name = Constants.swift; path = App/Constants.swift; sourceTree = "<group>"; };
		9AB810D8EAB6D88D4993CB1BA82EB992 /* DebugHUDView.swift */ = {isa = PBXFileReference; includeInIndex = 1; lastKnownFileType = sourcecode.swift; name = DebugHUDView.swift; path = UI/DebugHUDView.swift; sourceTree = "<group>"; };
		9B473EF3ACEE2D764AB6DA4E6CA67800 /* CaptureTargetResolver.swift */ = {isa = PBXFileReference; includeInIndex = 1; lastKnownFileType = sourcecode.swift; name = CaptureTargetResolver.swift; path = Capture/CaptureTargetResolver.swift; sourceTree = "<group>"; };
		9D5FDF77A568FD0863065CDFA42BE2CA /* SeaLegsUITests.xctest */ = {isa = PBXFileReference; explicitFileType = wrapper.cfbundle; includeInIndex = 0; path = SeaLegsUITests.xctest; sourceTree = BUILT_PRODUCTS_DIR; };
		9DE4C72D14D0C0C86440D047E2E5F75B /* GameDetector.swift */ = {isa = PBXFileReference; includeInIndex = 1; lastKnownFileType = sourcecode.swift; name = GameDetector.swift; path = GameDetection/GameDetector.swift; sourceTree = "<group>"; };
		9E756645DE29A386F304C31682AD0D0C /* ProfileStoreTests.swift */ = {isa = PBXFileReference; includeInIndex = 1; lastKnownFileType = sourcecode.swift; path = ProfileStoreTests.swift; sourceTree = "<group>"; };
		A6991706EC95D32B9112B4D69BE7C44B /* StreamOutputHandler.swift */ = {isa = PBXFileReference; includeInIndex = 1; lastKnownFileType = sourcecode.swift; name = StreamOutputHandler.swift; path = Capture/StreamOutputHandler.swift; sourceTree = "<group>"; };
		ABB9453661AF5EB3A3063C50ADAB844B /* PermissionState.swift */ = {isa = PBXFileReference; includeInIndex = 1; lastKnownFileType = sourcecode.swift; name = PermissionState.swift; path = Permissions/PermissionState.swift; sourceTree = "<group>"; };
		AE80ED5467F310173B1E70C4939C6A31 /* CaptureResultGate.swift */ = {isa = PBXFileReference; includeInIndex = 1; lastKnownFileType = sourcecode.swift; name = CaptureResultGate.swift; path = Capture/CaptureResultGate.swift; sourceTree = "<group>"; };
		B10DC6AB9197B47580042EA8B1C8F1D9 /* ProfileEditorView.swift */ = {isa = PBXFileReference; includeInIndex = 1; lastKnownFileType = sourcecode.swift; name = ProfileEditorView.swift; path = UI/ProfileEditorView.swift; sourceTree = "<group>"; };
		B19F87092872C5968BBB7F38F3B6C533 /* SeaLegs.entitlements */ = {isa = PBXFileReference; includeInIndex = 1; lastKnownFileType = text.plist.entitlements; path = SeaLegs.entitlements; sourceTree = "<group>"; };
		B56F1243E70B167D4D1E02A24EF73F70 /* MenuBarController.swift */ = {isa = PBXFileReference; includeInIndex = 1; lastKnownFileType = sourcecode.swift; name = MenuBarController.swift; path = UI/MenuBarController.swift; sourceTree = "<group>"; };
		C14B9D56AC28A98A1F23A08C1A8346FB /* OverlayStateMappingTests.swift */ = {isa = PBXFileReference; includeInIndex = 1; lastKnownFileType = sourcecode.swift; path = OverlayStateMappingTests.swift; sourceTree = "<group>"; };
		C175D455CB425465106A0225DAD7E4A2 /* AppState.swift */ = {isa = PBXFileReference; includeInIndex = 1; lastKnownFileType = sourcecode.swift; name = AppState.swift; path = App/AppState.swift; sourceTree = "<group>"; };
		C27D7811F29FB858A8542220A359D28A /* SessionLogger.swift */ = {isa = PBXFileReference; includeInIndex = 1; lastKnownFileType = sourcecode.swift; name = SessionLogger.swift; path = Telemetry/SessionLogger.swift; sourceTree = "<group>"; };
		C4FF0BA419342D3E169DADB12C6A8900 /* MotionAnalyzer.swift */ = {isa = PBXFileReference; includeInIndex = 1; lastKnownFileType = sourcecode.swift; name = MotionAnalyzer.swift; path = Capture/MotionAnalyzer.swift; sourceTree = "<group>"; };
		C518366B9DEC5AE395450549D3A25742 /* BlockMotionEstimator.swift */ = {isa = PBXFileReference; includeInIndex = 1; lastKnownFileType = sourcecode.swift; name = BlockMotionEstimator.swift; path = Analysis/BlockMotionEstimator.swift; sourceTree = "<group>"; };
		C885224ECD67CA5ACB0C70606B30435B /* OverlayConfig.swift */ = {isa = PBXFileReference; includeInIndex = 1; lastKnownFileType = sourcecode.swift; name = OverlayConfig.swift; path = Profiles/OverlayConfig.swift; sourceTree = "<group>"; };
		C8FAC11AFA8859EA66F2C10CC857A869 /* GameControllerMonitorTests.swift */ = {isa = PBXFileReference; includeInIndex = 1; lastKnownFileType = sourcecode.swift; path = GameControllerMonitorTests.swift; sourceTree = "<group>"; };
		D19E72F95A91AC0FF99EDB15787300AB /* SeaLegsApp.swift */ = {isa = PBXFileReference; includeInIndex = 1; lastKnownFileType = sourcecode.swift; path = SeaLegsApp.swift; sourceTree = "<group>"; };
		D3A422F5689288A05C24030CDA41A705 /* SessionReportView.swift */ = {isa = PBXFileReference; includeInIndex = 1; lastKnownFileType = sourcecode.swift; name = SessionReportView.swift; path = UI/SessionReportView.swift; sourceTree = "<group>"; };
		D3CB306164EBC9014E2A0E7EFC821D02 /* SessionReport.swift */ = {isa = PBXFileReference; includeInIndex = 1; lastKnownFileType = sourcecode.swift; name = SessionReport.swift; path = Telemetry/SessionReport.swift; sourceTree = "<group>"; };
		D65576098E20D1A5431CE85D7CF075F0 /* MotionScoreEngine.swift */ = {isa = PBXFileReference; includeInIndex = 1; lastKnownFileType = sourcecode.swift; name = MotionScoreEngine.swift; path = Analysis/MotionScoreEngine.swift; sourceTree = "<group>"; };
		D71F23F044D1FAD46B282A118AC7E452 /* DefaultProfiles.swift */ = {isa = PBXFileReference; includeInIndex = 1; lastKnownFileType = sourcecode.swift; name = DefaultProfiles.swift; path = Profiles/DefaultProfiles.swift; sourceTree = "<group>"; };
		E37C7289D2875A2FEF9C08D943B44CF9 /* SeaLegsTests.xctest */ = {isa = PBXFileReference; explicitFileType = wrapper.cfbundle; includeInIndex = 0; path = SeaLegsTests.xctest; sourceTree = BUILT_PRODUCTS_DIR; };
		E8FF5E2F10C967FD136A7244AC0BE1B8 /* BlockMotionEstimatorTests.swift */ = {isa = PBXFileReference; includeInIndex = 1; lastKnownFileType = sourcecode.swift; path = BlockMotionEstimatorTests.swift; sourceTree = "<group>"; };
		E9724E982FE17C05E2FB2F76B4374D5A /* OverlayManager.swift */ = {isa = PBXFileReference; includeInIndex = 1; lastKnownFileType = sourcecode.swift; name = OverlayManager.swift; path = Overlay/OverlayManager.swift; sourceTree = "<group>"; };
		EDA5762B8FCCB4B4BFEFE808D683523F /* MotionMetrics.swift */ = {isa = PBXFileReference; includeInIndex = 1; lastKnownFileType = sourcecode.swift; name = MotionMetrics.swift; path = Analysis/MotionMetrics.swift; sourceTree = "<group>"; };
		EFB33B151F7BDAC59C1B5999B9707C09 /* OverlayRenderer.swift */ = {isa = PBXFileReference; includeInIndex = 1; lastKnownFileType = sourcecode.swift; name = OverlayRenderer.swift; path = Overlay/OverlayRenderer.swift; sourceTree = "<group>"; };
		FC117F1992886D99EDB0793BBC42E64B /* DiagnosticsExporter.swift */ = {isa = PBXFileReference; includeInIndex = 1; lastKnownFileType = sourcecode.swift; name = DiagnosticsExporter.swift; path = Diagnostics/DiagnosticsExporter.swift; sourceTree = "<group>"; };
		FDD18F023242E8F4A0280B7A1454316C /* OptionalInputMonitor.swift */ = {isa = PBXFileReference; includeInIndex = 1; lastKnownFileType = sourcecode.swift; name = OptionalInputMonitor.swift; path = Input/OptionalInputMonitor.swift; sourceTree = "<group>"; };
		FE11576B85E94D163F35D0C5F3AD4C7A /* GameControllerMonitor.swift */ = {isa = PBXFileReference; includeInIndex = 1; lastKnownFileType = sourcecode.swift; name = GameControllerMonitor.swift; path = Input/GameControllerMonitor.swift; sourceTree = "<group>"; };
/* End PBXFileReference section */

/* Begin PBXFrameworksBuildPhase section */
		0307AEB4DCB0D153115896530A9608A7 /* Frameworks */ = {
			isa = PBXFrameworksBuildPhase;
			buildActionMask = 2147483647;
			files = (
				F98F6FBDB7BF1E31A7C0D536FAB54284 /* Cocoa.framework in Frameworks */,
			);
			runOnlyForDeploymentPostprocessing = 0;
		};
		54D71AE3BF00795596F84AA54BC650CB /* Frameworks */ = {
			isa = PBXFrameworksBuildPhase;
			buildActionMask = 2147483647;
			files = (
				5A4F90BE4916507C4CD2A8407F912E09 /* Cocoa.framework in Frameworks */,
			);
			runOnlyForDeploymentPostprocessing = 0;
		};
		DB03BEB24A5323788159F77AA5F988F5 /* Frameworks */ = {
			isa = PBXFrameworksBuildPhase;
			buildActionMask = 2147483647;
			files = (
				9828C430120157FDB7C9DED74D47B7EC /* Cocoa.framework in Frameworks */,
			);
			runOnlyForDeploymentPostprocessing = 0;
		};
/* End PBXFrameworksBuildPhase section */

/* Begin PBXGroup section */
		0C63DFFF1C995DD7DFA20347962E4B8E /* SeaLegs */ = {
			isa = PBXGroup;
			children = (
				830CC6061466F69277D60E9D2B7CBB45 /* Assets.xcassets */,
				16CDEC76405C0002FD49A96C5212AE50 /* InfoPlist.strings */,
				C518366B9DEC5AE395450549D3A25742 /* BlockMotionEstimator.swift */,
				EDA5762B8FCCB4B4BFEFE808D683523F /* MotionMetrics.swift */,
				D65576098E20D1A5431CE85D7CF075F0 /* MotionScoreEngine.swift */,
				114A163F851F7AF3ACBCA8A219058972 /* VisualCadenceEstimator.swift */,
				921BBDD0A8E4A106477E52C2BE2E01AE /* AppCoordinator.swift */,
				C175D455CB425465106A0225DAD7E4A2 /* AppState.swift */,
				983877BB0857508FFDED5E1D5C5B395F /* Constants.swift */,
				1ECDDD103330E305CB5A2A4386C4EC7A /* LaunchAtLoginService.swift */,
				4ECDE964C5D9F73FED7683C4AADAC30B /* AppDelegate.swift */,
				AE80ED5467F310173B1E70C4939C6A31 /* CaptureResultGate.swift */,
				9B473EF3ACEE2D764AB6DA4E6CA67800 /* CaptureTargetResolver.swift */,
				502DA8D876B06282D37CA6484AE22A7A /* FrameReducer.swift */,
				C4FF0BA419342D3E169DADB12C6A8900 /* MotionAnalyzer.swift */,
				54DAFC7A359ABC380CDFD5F8A4A50271 /* ScreenCaptureManager.swift */,
				A6991706EC95D32B9112B4D69BE7C44B /* StreamOutputHandler.swift */,
				5180CCF6052AADD321E9FF55A8BE9C0A /* CompatibilityReport.swift */,
				FC117F1992886D99EDB0793BBC42E64B /* DiagnosticsExporter.swift */,
				9DE4C72D14D0C0C86440D047E2E5F75B /* GameDetector.swift */,
				95F24D724D38C6D228F5D2AAAF19CEE5 /* RunningAppInfo.swift */,
				97CB3954FEABF7614192597FBD63FDD2 /* WindowInfoProvider.swift */,
				62D25788B36C22E4F336F2AF55FDD07C /* Info.plist */,
				FE11576B85E94D163F35D0C5F3AD4C7A /* GameControllerMonitor.swift */,
				0BFAC573852EF24FF68FAF9A5B51AC03 /* HotkeyManager.swift */,
				FDD18F023242E8F4A0280B7A1454316C /* OptionalInputMonitor.swift */,
				16B3733B18425FF6EC706E4AF82AEDEB /* AppLocalization.swift */,
				E9724E982FE17C05E2FB2F76B4374D5A /* OverlayManager.swift */,
				604EC4806D6A696F64C77F7F13DD6B9A /* OverlayMetalView.swift */,
				00A6F3B9CDF98B1729C949E64F3E6A78 /* OverlayPanelController.swift */,
				EFB33B151F7BDAC59C1B5999B9707C09 /* OverlayRenderer.swift */,
				7C5D315DB3E898EF87F4686473FD82AE /* OverlayShaders.metal */,
				8284EBC4DE7D9F7FB078F0CEF032BC8E /* OverlayState.swift */,
				10ACEB73F2012F4A8286124BD479E9DB /* PermissionManager.swift */,
				ABB9453661AF5EB3A3063C50ADAB844B /* PermissionState.swift */,
				D71F23F044D1FAD46B282A118AC7E452 /* DefaultProfiles.swift */,
				57465422FC49569E3C6021A5AFB0589C /* GameProfile.swift */,
				4E81A7A2C098AE4CFF13F4CB56412916 /* GameSettingRecommendation.swift */,
				C885224ECD67CA5ACB0C70606B30435B /* OverlayConfig.swift */,
				244BB1FAD30F079A51BDDD85F383BC8D /* ProfileStore.swift */,
				0CFE45F80B2D0D3D7474BC95581882C8 /* ProfileTransfer.swift */,
				5B97DCE247F827BEB6137CA07ADAC591 /* DefaultProfiles.json */,
				B19F87092872C5968BBB7F38F3B6C533 /* SeaLegs.entitlements */,
				D19E72F95A91AC0FF99EDB15787300AB /* SeaLegsApp.swift */,
				022CA59E6BE5C8C81B33BA61C42707E6 /* RecommendationEngine.swift */,
				C27D7811F29FB858A8542220A359D28A /* SessionLogger.swift */,
				D3CB306164EBC9014E2A0E7EFC821D02 /* SessionReport.swift */,
				9AB810D8EAB6D88D4993CB1BA82EB992 /* DebugHUDView.swift */,
				B56F1243E70B167D4D1E02A24EF73F70 /* MenuBarController.swift */,
				11B13C6D5A2C4C3A75B34FAC5FA93679 /* OnboardingView.swift */,
				B10DC6AB9197B47580042EA8B1C8F1D9 /* ProfileEditorView.swift */,
				D3A422F5689288A05C24030CDA41A705 /* SessionReportView.swift */,
				012B176932E69761629198993B2D0C31 /* SettingsRootView.swift */,
			);
			name = SeaLegs;
			path = SeaLegs;
			sourceTree = "<group>";
		};
		14C2A5296A51975535E128BF275E1BE7 /* OS X */ = {
			isa = PBXGroup;
			children = (
				1E00C21145D11D108046F990D1A4F5DA /* Cocoa.framework */,
			);
			name = "OS X";
			sourceTree = "<group>";
		};
		A29865B628DE50CAAA5EA4174C8CFA87 /* SeaLegsTests */ = {
			isa = PBXGroup;
			children = (
				43C0E6E736128B44907BB207141E5875 /* AppLocalizationTests.swift */,
				6A8FAAB94234534CE0C9B355BA9C2E8A /* AppStateTests.swift */,
				E8FF5E2F10C967FD136A7244AC0BE1B8 /* BlockMotionEstimatorTests.swift */,
				4E00C10B2F9EDA515EAAB1957C5E0ABA /* CaptureResultGateTests.swift */,
				0EB9AAABE5E4BE1D24C0FFC626BE7743 /* CaptureTargetResolverTests.swift */,
				35F7288B71DDBD88A26907B046AEF0D8 /* CompatibilityReportTests.swift */,
				2F98E29838AAD8E9D3787ACF00E3D64C /* DiagnosticsExporterTests.swift */,
				C8FAC11AFA8859EA66F2C10CC857A869 /* GameControllerMonitorTests.swift */,
				8D6FA5D23E4DF05B8E2383B59967ECD7 /* LaunchAtLoginServiceTests.swift */,
				3D01151AE0C632B14D24BCFD17706BAA /* MotionScoreEngineTests.swift */,
				8B7900C472F8A8FEACD403DB659FCF99 /* OptionalInputMonitorTests.swift */,
				C14B9D56AC28A98A1F23A08C1A8346FB /* OverlayStateMappingTests.swift */,
				9E756645DE29A386F304C31682AD0D0C /* ProfileStoreTests.swift */,
				0DC288A4A53A6D99DD51544DAD3B52DE /* ProfileTransferTests.swift */,
				65F4D67A0F0A12B00FCFE38056ECB136 /* SessionLoggerTests.swift */,
				436C3E018CB0706AA0E79B9F4738BAD5 /* WindowInfoProviderTests.swift */,
			);
			name = SeaLegsTests;
			path = SeaLegsTests;
			sourceTree = "<group>";
		};
		A63DD68F6F84A0FE331E1872F8FA6439 /* SeaLegsUITests */ = {
			isa = PBXGroup;
			children = (
				749B7520A12C2306EDB6782C74389F3E /* SeaLegsUITests.swift */,
			);
			name = SeaLegsUITests;
			path = SeaLegsUITests;
			sourceTree = "<group>";
		};
		BCE10B8676249756FA761306007A937E /* Products */ = {
			isa = PBXGroup;
			children = (
				453669F8246D4307AC575C748569FCD5 /* SeaLegs.app */,
				E37C7289D2875A2FEF9C08D943B44CF9 /* SeaLegsTests.xctest */,
				9D5FDF77A568FD0863065CDFA42BE2CA /* SeaLegsUITests.xctest */,
			);
			name = Products;
			sourceTree = "<group>";
		};
		EF7C2F9FC30E5E5007806C9B26E3DFA0 = {
			isa = PBXGroup;
			children = (
				BCE10B8676249756FA761306007A937E /* Products */,
				F791CF757BE6764DC975C19FBDA0FEC6 /* Frameworks */,
				0C63DFFF1C995DD7DFA20347962E4B8E /* SeaLegs */,
				A29865B628DE50CAAA5EA4174C8CFA87 /* SeaLegsTests */,
				A63DD68F6F84A0FE331E1872F8FA6439 /* SeaLegsUITests */,
			);
			sourceTree = "<group>";
		};
		F791CF757BE6764DC975C19FBDA0FEC6 /* Frameworks */ = {
			isa = PBXGroup;
			children = (
				14C2A5296A51975535E128BF275E1BE7 /* OS X */,
			);
			name = Frameworks;
			sourceTree = "<group>";
		};
/* End PBXGroup section */

/* Begin PBXNativeTarget section */
		4E70925AD7C3A1B4680C9D6F30BCB95E /* SeaLegsTests */ = {
			isa = PBXNativeTarget;
			buildConfigurationList = 6E2AE07665ABADD47A01266A5130BA0E /* Build configuration list for PBXNativeTarget "SeaLegsTests" */;
			buildPhases = (
				49BC2627247ED4C3BE0E23FA48E76953 /* Sources */,
				54D71AE3BF00795596F84AA54BC650CB /* Frameworks */,
				BCEF589FC1775CC2E5B3EC7F480F9E97 /* Resources */,
			);
			buildRules = (
			);
			dependencies = (
				58098F1F80CE59BC102BB46EF0345791 /* PBXTargetDependency */,
			);
			name = SeaLegsTests;
			productName = SeaLegsTests;
			productReference = E37C7289D2875A2FEF9C08D943B44CF9 /* SeaLegsTests.xctest */;
			productType = "com.apple.product-type.bundle.unit-test";
		};
		C8ADCC7D9C07DA818CD96C92B0191120 /* SeaLegs */ = {
			isa = PBXNativeTarget;
			buildConfigurationList = 14F23FD9053EAB9C87E52106896D9902 /* Build configuration list for PBXNativeTarget "SeaLegs" */;
			buildPhases = (
				0072C7E53111D5BB9DC06BBCF5C95A0B /* Sources */,
				0307AEB4DCB0D153115896530A9608A7 /* Frameworks */,
				5DC8E4A1E57CFF76E4F28E38EACEB948 /* Resources */,
			);
			buildRules = (
			);
			dependencies = (
			);
			name = SeaLegs;
			productName = SeaLegs;
			productReference = 453669F8246D4307AC575C748569FCD5 /* SeaLegs.app */;
			productType = "com.apple.product-type.application";
		};
		E3D2376476E5C69D6312A6E2A0502B67 /* SeaLegsUITests */ = {
			isa = PBXNativeTarget;
			buildConfigurationList = AA46E2199162794C40669D02F99C0962 /* Build configuration list for PBXNativeTarget "SeaLegsUITests" */;
			buildPhases = (
				6B73A1A4A42B59A62BE6345A47FFED5C /* Sources */,
				DB03BEB24A5323788159F77AA5F988F5 /* Frameworks */,
				A1A7ACE98AC6CD06CE61F98931A3C0EF /* Resources */,
			);
			buildRules = (
			);
			dependencies = (
				912E03FBC379B25CA9B68608B1DF8809 /* PBXTargetDependency */,
			);
			name = SeaLegsUITests;
			productName = SeaLegsUITests;
			productReference = 9D5FDF77A568FD0863065CDFA42BE2CA /* SeaLegsUITests.xctest */;
			productType = "com.apple.product-type.bundle.ui-testing";
		};
/* End PBXNativeTarget section */

/* Begin PBXProject section */
		4894EE5F6BB25B836CFB3A845923BDE6 /* Project object */ = {
			isa = PBXProject;
			attributes = {
				LastSwiftUpdateCheck = 2630;
				LastUpgradeCheck = 2630;
			};
			buildConfigurationList = 619CCF1E27C5F12FFDF26DBA4195D992 /* Build configuration list for PBXProject "SeaLegs" */;
			compatibilityVersion = "Xcode 3.2";
			developmentRegion = en;
			hasScannedForEncodings = 0;
			knownRegions = (
				en,
				Base,
				ko,
			);
			mainGroup = EF7C2F9FC30E5E5007806C9B26E3DFA0;
			minimizedProjectReferenceProxies = 0;
			preferredProjectObjectVersion = 77;
			productRefGroup = BCE10B8676249756FA761306007A937E /* Products */;
			projectDirPath = "";
			projectRoot = "";
			targets = (
				C8ADCC7D9C07DA818CD96C92B0191120 /* SeaLegs */,
				4E70925AD7C3A1B4680C9D6F30BCB95E /* SeaLegsTests */,
				E3D2376476E5C69D6312A6E2A0502B67 /* SeaLegsUITests */,
			);
		};
/* End PBXProject section */

/* Begin PBXResourcesBuildPhase section */
		5DC8E4A1E57CFF76E4F28E38EACEB948 /* Resources */ = {
			isa = PBXResourcesBuildPhase;
			buildActionMask = 2147483647;
			files = (
				F8634A0A45BB1F1663FD52D95BE46B33 /* Assets.xcassets in Resources */,
				B60A4DFD8983E60006B5410AFF564283 /* InfoPlist.strings in Resources */,
				C145F07C532DF8569B01EA022A4DD1E4 /* DefaultProfiles.json in Resources */,
			);
			runOnlyForDeploymentPostprocessing = 0;
		};
		A1A7ACE98AC6CD06CE61F98931A3C0EF /* Resources */ = {
			isa = PBXResourcesBuildPhase;
			buildActionMask = 2147483647;
			files = (
			);
			runOnlyForDeploymentPostprocessing = 0;
		};
		BCEF589FC1775CC2E5B3EC7F480F9E97 /* Resources */ = {
			isa = PBXResourcesBuildPhase;
			buildActionMask = 2147483647;
			files = (
			);
			runOnlyForDeploymentPostprocessing = 0;
		};
/* End PBXResourcesBuildPhase section */

/* Begin PBXSourcesBuildPhase section */
		0072C7E53111D5BB9DC06BBCF5C95A0B /* Sources */ = {
			isa = PBXSourcesBuildPhase;
			buildActionMask = 2147483647;
			files = (
				54FF1056FF4A4CB3B65EFC440F310768 /* BlockMotionEstimator.swift in Sources */,
				0DE6105701E3061219523A9E30152B1F /* MotionMetrics.swift in Sources */,
				F2E7269D88BBC4A609AC3FC75CE42E7F /* MotionScoreEngine.swift in Sources */,
				E6161E693E021855CDE716BD2535BCD3 /* VisualCadenceEstimator.swift in Sources */,
				08EAF7C908AE35272A49F5A84725C568 /* AppCoordinator.swift in Sources */,
				06AC880BFC17A51AD61D1854140D87B6 /* AppState.swift in Sources */,
				75D76FB0CA80EBD5149BC8AF34069839 /* Constants.swift in Sources */,
				027007F163335D24F077214A88CAF108 /* LaunchAtLoginService.swift in Sources */,
				13DA43B40FC209BF3B80E0E8698233C5 /* AppDelegate.swift in Sources */,
				8C4010D72A4C28E6F73ACD96BEAEB910 /* CaptureResultGate.swift in Sources */,
				BC792F3CAAF41C08404FC2A7D8146B9B /* CaptureTargetResolver.swift in Sources */,
				D908A6311D9576B04AB73880C7DF1E14 /* FrameReducer.swift in Sources */,
				594845A5A87B09EEFFFCA186704795A7 /* MotionAnalyzer.swift in Sources */,
				C91604F4F53458DDEFCBBE6910FE9C12 /* ScreenCaptureManager.swift in Sources */,
				7DA3DE6A49D776DDC3922EAEBCA43B96 /* StreamOutputHandler.swift in Sources */,
				2DA9A721D30676D785F7952E9027D755 /* CompatibilityReport.swift in Sources */,
				658723935D7F1D2354E5329D77DFF950 /* DiagnosticsExporter.swift in Sources */,
				05E5A81744AA576332337DF16F6E6270 /* GameDetector.swift in Sources */,
				85E16E15485A0A74BA68DAE173CD3093 /* RunningAppInfo.swift in Sources */,
				56E594964C283D874BE0D94343A96157 /* WindowInfoProvider.swift in Sources */,
				5125F6E16622DEA45D5DB3AED8085195 /* GameControllerMonitor.swift in Sources */,
				66EFF86591DA0EB8BED91106D2B72747 /* HotkeyManager.swift in Sources */,
				5BDFA8A9209B8DB49B517450819B8F84 /* OptionalInputMonitor.swift in Sources */,
				8B43ADC4ADBE3AB0F348A4BCA3F72179 /* AppLocalization.swift in Sources */,
				6E93FB8FE630812EDAA4F5A6CCE65DB8 /* OverlayManager.swift in Sources */,
				8F4917355DD239085F32B6CEEF402F41 /* OverlayMetalView.swift in Sources */,
				FEE1A95B3F28F08E75D2E7CDFFC3E2ED /* OverlayPanelController.swift in Sources */,
				6FBDAE4D4BC7F8EE66352F62A4FA2C41 /* OverlayRenderer.swift in Sources */,
				C217C588F0FB1DA750E94F867EAAA466 /* OverlayShaders.metal in Sources */,
				67780771B31649D2BD57A5392C8CBDFD /* OverlayState.swift in Sources */,
				822A84A3B7429F276B3EE9DB4F02876A /* PermissionManager.swift in Sources */,
				6D379511B4D9F3DFA2B300DB1D9B996C /* PermissionState.swift in Sources */,
				DEA52145DD3AFDEDFDBF690C925530D2 /* DefaultProfiles.swift in Sources */,
				DE526D3101AD31E8AB737584C15CEAEE /* GameProfile.swift in Sources */,
				5E0245F80FBAFE99DFA210392C4AB1FB /* GameSettingRecommendation.swift in Sources */,
				792C96439D6F8797BF84C2AA2CA36BCF /* OverlayConfig.swift in Sources */,
				67920C23142BE2F1728F2334BE947988 /* ProfileStore.swift in Sources */,
				BA93EFEFFA17CCA1AE68FD6715C7AFAD /* ProfileTransfer.swift in Sources */,
				D820F1D59A5874D07918F8CC298FDC1C /* SeaLegsApp.swift in Sources */,
				FCD34B46EC2BEC09C21AD78D1CFC450E /* RecommendationEngine.swift in Sources */,
				E9DD11530963B1CBF1746C38D00682E0 /* SessionLogger.swift in Sources */,
				6EC75A8BE7C63DBFCF22BC2794EF4665 /* SessionReport.swift in Sources */,
				A4AFF61F5F8E85935AAA224088B20A34 /* DebugHUDView.swift in Sources */,
				6A257C8708CBF0D105C033911322786C /* MenuBarController.swift in Sources */,
				8A4DB3FFAA0ABB04CADC3F757EF53E88 /* OnboardingView.swift in Sources */,
				D23B3A981A99CCDF24498A27E6781E34 /* ProfileEditorView.swift in Sources */,
				ACA2589B39D180CA85C2E9A191FEB15D /* SessionReportView.swift in Sources */,
				885C7B6A5C0AC3B0AA85C94EA2AA2A1C /* SettingsRootView.swift in Sources */,
			);
			runOnlyForDeploymentPostprocessing = 0;
		};
		49BC2627247ED4C3BE0E23FA48E76953 /* Sources */ = {
			isa = PBXSourcesBuildPhase;
			buildActionMask = 2147483647;
			files = (
				1FE9789E725B9B1BF5EF935FCC4BC977 /* AppLocalizationTests.swift in Sources */,
				AF78A85B4CB8B455734A6220866C955A /* AppStateTests.swift in Sources */,
				EA7445A4C5557D69480E8E78BA224A87 /* BlockMotionEstimatorTests.swift in Sources */,
				08C183BAB1B364E010ED8209A0B684D8 /* CaptureResultGateTests.swift in Sources */,
				E75334E315C7B61311D3C04567C6710D /* CaptureTargetResolverTests.swift in Sources */,
				D5D660B81ED9A2BAF29BB57983A7875C /* CompatibilityReportTests.swift in Sources */,
				9D7DD2C176C8DB9D55F4EA266C6F2C5F /* DiagnosticsExporterTests.swift in Sources */,
				C4EF50357C24D30A2019AC1FF77B0AB0 /* GameControllerMonitorTests.swift in Sources */,
				A4B579C0512E05916D1618C4B79F4EC5 /* LaunchAtLoginServiceTests.swift in Sources */,
				2A51FAB65379CFE7F878060BAF0639C4 /* MotionScoreEngineTests.swift in Sources */,
				17C872D3657217834F6E272A3F982BB3 /* OptionalInputMonitorTests.swift in Sources */,
				0C2993A427E0ABDEED31562262C9394B /* OverlayStateMappingTests.swift in Sources */,
				14FECD70F9E3B3E35D8BB0F9269F9DCA /* ProfileStoreTests.swift in Sources */,
				DCE5FDF7B56BB4B1CF0A60BCB3C65EDC /* ProfileTransferTests.swift in Sources */,
				52A36BB4E486B64B7F26F78E2A977C2F /* SessionLoggerTests.swift in Sources */,
				50EC5EC726A1CC4D83FF6E7BE7A72B8D /* WindowInfoProviderTests.swift in Sources */,
			);
			runOnlyForDeploymentPostprocessing = 0;
		};
		6B73A1A4A42B59A62BE6345A47FFED5C /* Sources */ = {
			isa = PBXSourcesBuildPhase;
			buildActionMask = 2147483647;
			files = (
				B345E8D2461B99F44BBF2E03FFA33368 /* SeaLegsUITests.swift in Sources */,
			);
			runOnlyForDeploymentPostprocessing = 0;
		};
/* End PBXSourcesBuildPhase section */

/* Begin PBXTargetDependency section */
		58098F1F80CE59BC102BB46EF0345791 /* PBXTargetDependency */ = {
			isa = PBXTargetDependency;
			name = SeaLegs;
			target = C8ADCC7D9C07DA818CD96C92B0191120 /* SeaLegs */;
			targetProxy = 8B25C8B4422D0B349D7346D51F1ECB02 /* PBXContainerItemProxy */;
		};
		912E03FBC379B25CA9B68608B1DF8809 /* PBXTargetDependency */ = {
			isa = PBXTargetDependency;
			name = SeaLegs;
			target = C8ADCC7D9C07DA818CD96C92B0191120 /* SeaLegs */;
			targetProxy = D7474DB92B2DFE9D09441D4669E1E9CE /* PBXContainerItemProxy */;
		};
/* End PBXTargetDependency section */

/* Begin PBXVariantGroup section */
		16CDEC76405C0002FD49A96C5212AE50 /* InfoPlist.strings */ = {
			isa = PBXVariantGroup;
			children = (
				539B960B55A0229B70B53A08617627A9 /* ko */,
			);
			name = InfoPlist.strings;
			sourceTree = "<group>";
		};
/* End PBXVariantGroup section */

/* Begin XCBuildConfiguration section */
		04AE57470DE9433EC4D070DC7DB17F6E /* Debug */ = {
			isa = XCBuildConfiguration;
			buildSettings = {
				ALWAYS_SEARCH_USER_PATHS = NO;
				CLANG_ANALYZER_NONNULL = YES;
				CLANG_ANALYZER_NUMBER_OBJECT_CONVERSION = YES_AGGRESSIVE;
				CLANG_CXX_LANGUAGE_STANDARD = "gnu++14";
				CLANG_CXX_LIBRARY = "libc++";
				CLANG_ENABLE_MODULES = YES;
				CLANG_ENABLE_OBJC_ARC = YES;
				CLANG_ENABLE_OBJC_WEAK = YES;
				CLANG_WARN_BLOCK_CAPTURE_AUTORELEASING = YES;
				CLANG_WARN_BOOL_CONVERSION = YES;
				CLANG_WARN_COMMA = YES;
				CLANG_WARN_CONSTANT_CONVERSION = YES;
				CLANG_WARN_DEPRECATED_OBJC_IMPLEMENTATIONS = YES;
				CLANG_WARN_DIRECT_OBJC_ISA_USAGE = YES_ERROR;
				CLANG_WARN_DOCUMENTATION_COMMENTS = YES;
				CLANG_WARN_EMPTY_BODY = YES;
				CLANG_WARN_ENUM_CONVERSION = YES;
				CLANG_WARN_INFINITE_RECURSION = YES;
				CLANG_WARN_INT_CONVERSION = YES;
				CLANG_WARN_NON_LITERAL_NULL_CONVERSION = YES;
				CLANG_WARN_OBJC_IMPLICIT_RETAIN_SELF = YES;
				CLANG_WARN_OBJC_LITERAL_CONVERSION = YES;
				CLANG_WARN_OBJC_ROOT_CLASS = YES_ERROR;
				CLANG_WARN_QUOTED_INCLUDE_IN_FRAMEWORK_HEADER = YES;
				CLANG_WARN_RANGE_LOOP_ANALYSIS = YES;
				CLANG_WARN_STRICT_PROTOTYPES = YES;
				CLANG_WARN_SUSPICIOUS_MOVE = YES;
				CLANG_WARN_UNGUARDED_AVAILABILITY = YES_AGGRESSIVE;
				CLANG_WARN_UNREACHABLE_CODE = YES;
				CLANG_WARN__DUPLICATE_METHOD_MATCH = YES;
				COPY_PHASE_STRIP = NO;
				DEBUG_INFORMATION_FORMAT = dwarf;
				ENABLE_STRICT_OBJC_MSGSEND = YES;
				ENABLE_TESTABILITY = YES;
				GCC_C_LANGUAGE_STANDARD = gnu11;
				GCC_DYNAMIC_NO_PIC = NO;
				GCC_NO_COMMON_BLOCKS = YES;
				GCC_OPTIMIZATION_LEVEL = 0;
				GCC_PREPROCESSOR_DEFINITIONS = (
					"DEBUG=1",
					"$(inherited)",
				);
				GCC_WARN_64_TO_32_BIT_CONVERSION = YES;
				GCC_WARN_ABOUT_RETURN_TYPE = YES_ERROR;
				GCC_WARN_UNDECLARED_SELECTOR = YES;
				GCC_WARN_UNINITIALIZED_AUTOS = YES_AGGRESSIVE;
				GCC_WARN_UNUSED_FUNCTION = YES;
				GCC_WARN_UNUSED_VARIABLE = YES;
				MACOSX_DEPLOYMENT_TARGET = 14.0;
				MTL_ENABLE_DEBUG_INFO = INCLUDE_SOURCE;
				MTL_FAST_MATH = YES;
				ONLY_ACTIVE_ARCH = YES;
				PRODUCT_NAME = "$(TARGET_NAME)";
				SWIFT_ACTIVE_COMPILATION_CONDITIONS = DEBUG;
				SWIFT_OPTIMIZATION_LEVEL = "-Onone";
				SWIFT_VERSION = 6.0;
			};
			name = Debug;
		};
		26916954EDD227B880B003352246B5F3 /* Debug */ = {
			isa = XCBuildConfiguration;
			buildSettings = {
				ASSETCATALOG_COMPILER_APPICON_NAME = AppIcon;
				ASSETCATALOG_COMPILER_GLOBAL_ACCENT_COLOR_NAME = AccentColor;
				CODE_SIGN_ENTITLEMENTS = SeaLegs/SeaLegs.entitlements;
				CODE_SIGN_STYLE = Automatic;
				COMBINE_HIDPI_IMAGES = YES;
				CURRENT_PROJECT_VERSION = 2;
				DEVELOPMENT_TEAM = "";
				ENABLE_HARDENED_RUNTIME = YES;
				ENABLE_USER_SCRIPT_SANDBOXING = NO;
				INFOPLIST_FILE = SeaLegs/Info.plist;
				LD_RUNPATH_SEARCH_PATHS = "$(inherited) @executable_path/../Frameworks";
				MACOSX_DEPLOYMENT_TARGET = 14.0;
				MARKETING_VERSION = 0.2.0;
				PRODUCT_BUNDLE_IDENTIFIER = com.dawncrow.SeaLegs;
				PRODUCT_NAME = SeaLegs;
				SDKROOT = macosx;
				SWIFT_VERSION = 6.0;
			};
			name = Debug;
		};
		85BEF3F39C432A7A8D82F1F89BE38215 /* Debug */ = {
			isa = XCBuildConfiguration;
			buildSettings = {
				BUNDLE_LOADER = "$(TEST_HOST)";
				CODE_SIGN_STYLE = Automatic;
				CURRENT_PROJECT_VERSION = 2;
				DEVELOPMENT_TEAM = "";
				GENERATE_INFOPLIST_FILE = YES;
				LD_RUNPATH_SEARCH_PATHS = "$(inherited) @executable_path/../Frameworks @loader_path/../Frameworks";
				MACOSX_DEPLOYMENT_TARGET = 14.0;
				MARKETING_VERSION = 0.2.0;
				PRODUCT_BUNDLE_IDENTIFIER = com.dawncrow.SeaLegsTests;
				PRODUCT_NAME = SeaLegsTests;
				SDKROOT = macosx;
				SWIFT_VERSION = 6.0;
				TEST_HOST = "$(BUILT_PRODUCTS_DIR)/SeaLegs.app/Contents/MacOS/SeaLegs";
			};
			name = Debug;
		};
		986BB615079276EEA99513A2FA0ED281 /* Release */ = {
			isa = XCBuildConfiguration;
			buildSettings = {
				ALWAYS_SEARCH_USER_PATHS = NO;
				CLANG_ANALYZER_NONNULL = YES;
				CLANG_ANALYZER_NUMBER_OBJECT_CONVERSION = YES_AGGRESSIVE;
				CLANG_CXX_LANGUAGE_STANDARD = "gnu++14";
				CLANG_CXX_LIBRARY = "libc++";
				CLANG_ENABLE_MODULES = YES;
				CLANG_ENABLE_OBJC_ARC = YES;
				CLANG_ENABLE_OBJC_WEAK = YES;
				CLANG_WARN_BLOCK_CAPTURE_AUTORELEASING = YES;
				CLANG_WARN_BOOL_CONVERSION = YES;
				CLANG_WARN_COMMA = YES;
				CLANG_WARN_CONSTANT_CONVERSION = YES;
				CLANG_WARN_DEPRECATED_OBJC_IMPLEMENTATIONS = YES;
				CLANG_WARN_DIRECT_OBJC_ISA_USAGE = YES_ERROR;
				CLANG_WARN_DOCUMENTATION_COMMENTS = YES;
				CLANG_WARN_EMPTY_BODY = YES;
				CLANG_WARN_ENUM_CONVERSION = YES;
				CLANG_WARN_INFINITE_RECURSION = YES;
				CLANG_WARN_INT_CONVERSION = YES;
				CLANG_WARN_NON_LITERAL_NULL_CONVERSION = YES;
				CLANG_WARN_OBJC_IMPLICIT_RETAIN_SELF = YES;
				CLANG_WARN_OBJC_LITERAL_CONVERSION = YES;
				CLANG_WARN_OBJC_ROOT_CLASS = YES_ERROR;
				CLANG_WARN_QUOTED_INCLUDE_IN_FRAMEWORK_HEADER = YES;
				CLANG_WARN_RANGE_LOOP_ANALYSIS = YES;
				CLANG_WARN_STRICT_PROTOTYPES = YES;
				CLANG_WARN_SUSPICIOUS_MOVE = YES;
				CLANG_WARN_UNGUARDED_AVAILABILITY = YES_AGGRESSIVE;
				CLANG_WARN_UNREACHABLE_CODE = YES;
				CLANG_WARN__DUPLICATE_METHOD_MATCH = YES;
				COPY_PHASE_STRIP = NO;
				DEBUG_INFORMATION_FORMAT = "dwarf-with-dsym";
				ENABLE_NS_ASSERTIONS = NO;
				ENABLE_STRICT_OBJC_MSGSEND = YES;
				GCC_C_LANGUAGE_STANDARD = gnu11;
				GCC_NO_COMMON_BLOCKS = YES;
				GCC_WARN_64_TO_32_BIT_CONVERSION = YES;
				GCC_WARN_ABOUT_RETURN_TYPE = YES_ERROR;
				GCC_WARN_UNDECLARED_SELECTOR = YES;
				GCC_WARN_UNINITIALIZED_AUTOS = YES_AGGRESSIVE;
				GCC_WARN_UNUSED_FUNCTION = YES;
				GCC_WARN_UNUSED_VARIABLE = YES;
				MACOSX_DEPLOYMENT_TARGET = 14.0;
				MTL_ENABLE_DEBUG_INFO = NO;
				MTL_FAST_MATH = YES;
				PRODUCT_NAME = "$(TARGET_NAME)";
				SWIFT_COMPILATION_MODE = wholemodule;
				SWIFT_OPTIMIZATION_LEVEL = "-O";
				SWIFT_VERSION = 6.0;
			};
			name = Release;
		};
		B8DC0E047EE48D48F61AE5285B269DE8 /* Release */ = {
			isa = XCBuildConfiguration;
			buildSettings = {
				CODE_SIGN_STYLE = Automatic;
				CURRENT_PROJECT_VERSION = 2;
				DEVELOPMENT_TEAM = "";
				GENERATE_INFOPLIST_FILE = YES;
				MACOSX_DEPLOYMENT_TARGET = 14.0;
				MARKETING_VERSION = 0.2.0;
				PRODUCT_BUNDLE_IDENTIFIER = com.dawncrow.SeaLegsUITests;
				PRODUCT_NAME = SeaLegsUITests;
				SDKROOT = macosx;
				SWIFT_VERSION = 6.0;
				TEST_TARGET_NAME = SeaLegs;
			};
			name = Release;
		};
		C4547A48468DD6FE554C4175EBABF306 /* Release */ = {
			isa = XCBuildConfiguration;
			buildSettings = {
				ASSETCATALOG_COMPILER_APPICON_NAME = AppIcon;
				ASSETCATALOG_COMPILER_GLOBAL_ACCENT_COLOR_NAME = AccentColor;
				CODE_SIGN_ENTITLEMENTS = SeaLegs/SeaLegs.entitlements;
				CODE_SIGN_STYLE = Automatic;
				COMBINE_HIDPI_IMAGES = YES;
				CURRENT_PROJECT_VERSION = 2;
				DEVELOPMENT_TEAM = "";
				ENABLE_HARDENED_RUNTIME = YES;
				ENABLE_USER_SCRIPT_SANDBOXING = NO;
				INFOPLIST_FILE = SeaLegs/Info.plist;
				LD_RUNPATH_SEARCH_PATHS = "$(inherited) @executable_path/../Frameworks";
				MACOSX_DEPLOYMENT_TARGET = 14.0;
				MARKETING_VERSION = 0.2.0;
				PRODUCT_BUNDLE_IDENTIFIER = com.dawncrow.SeaLegs;
				PRODUCT_NAME = SeaLegs;
				SDKROOT = macosx;
				SWIFT_VERSION = 6.0;
			};
			name = Release;
		};
		D5134E81390F457AC66BA6C58E9779FC /* Debug */ = {
			isa = XCBuildConfiguration;
			buildSettings = {
				CODE_SIGN_STYLE = Automatic;
				CURRENT_PROJECT_VERSION = 2;
				DEVELOPMENT_TEAM = "";
				GENERATE_INFOPLIST_FILE = YES;
				MACOSX_DEPLOYMENT_TARGET = 14.0;
				MARKETING_VERSION = 0.2.0;
				PRODUCT_BUNDLE_IDENTIFIER = com.dawncrow.SeaLegsUITests;
				PRODUCT_NAME = SeaLegsUITests;
				SDKROOT = macosx;
				SWIFT_VERSION = 6.0;
				TEST_TARGET_NAME = SeaLegs;
			};
			name = Debug;
		};
		EC293074074783063D9A4CA3B3FED030 /* Release */ = {
			isa = XCBuildConfiguration;
			buildSettings = {
				BUNDLE_LOADER = "$(TEST_HOST)";
				CODE_SIGN_STYLE = Automatic;
				CURRENT_PROJECT_VERSION = 2;
				DEVELOPMENT_TEAM = "";
				GENERATE_INFOPLIST_FILE = YES;
				LD_RUNPATH_SEARCH_PATHS = "$(inherited) @executable_path/../Frameworks @loader_path/../Frameworks";
				MACOSX_DEPLOYMENT_TARGET = 14.0;
				MARKETING_VERSION = 0.2.0;
				PRODUCT_BUNDLE_IDENTIFIER = com.dawncrow.SeaLegsTests;
				PRODUCT_NAME = SeaLegsTests;
				SDKROOT = macosx;
				SWIFT_VERSION = 6.0;
				TEST_HOST = "$(BUILT_PRODUCTS_DIR)/SeaLegs.app/Contents/MacOS/SeaLegs";
			};
			name = Release;
		};
/* End XCBuildConfiguration section */

/* Begin XCConfigurationList section */
		14F23FD9053EAB9C87E52106896D9902 /* Build configuration list for PBXNativeTarget "SeaLegs" */ = {
			isa = XCConfigurationList;
			buildConfigurations = (
				C4547A48468DD6FE554C4175EBABF306 /* Release */,
				26916954EDD227B880B003352246B5F3 /* Debug */,
			);
			defaultConfigurationIsVisible = 0;
			defaultConfigurationName = Release;
		};
		619CCF1E27C5F12FFDF26DBA4195D992 /* Build configuration list for PBXProject "SeaLegs" */ = {
			isa = XCConfigurationList;
			buildConfigurations = (
				04AE57470DE9433EC4D070DC7DB17F6E /* Debug */,
				986BB615079276EEA99513A2FA0ED281 /* Release */,
			);
			defaultConfigurationIsVisible = 0;
			defaultConfigurationName = Release;
		};
		6E2AE07665ABADD47A01266A5130BA0E /* Build configuration list for PBXNativeTarget "SeaLegsTests" */ = {
			isa = XCConfigurationList;
			buildConfigurations = (
				EC293074074783063D9A4CA3B3FED030 /* Release */,
				85BEF3F39C432A7A8D82F1F89BE38215 /* Debug */,
			);
			defaultConfigurationIsVisible = 0;
			defaultConfigurationName = Release;
		};
		AA46E2199162794C40669D02F99C0962 /* Build configuration list for PBXNativeTarget "SeaLegsUITests" */ = {
			isa = XCConfigurationList;
			buildConfigurations = (
				B8DC0E047EE48D48F61AE5285B269DE8 /* Release */,
				D5134E81390F457AC66BA6C58E9779FC /* Debug */,
			);
			defaultConfigurationIsVisible = 0;
			defaultConfigurationName = Release;
		};
/* End XCConfigurationList section */
	};
	rootObject = 4894EE5F6BB25B836CFB3A845923BDE6 /* Project object */;
}
